
Microsoft Visual Studio Solution File, Format Version 12.00
# Visual Studio Version 17
VisualStudioVersion = 17.1.32210.238
MinimumVisualStudioVersion = 10.0.40219.1
Project("{FAE04EC0-301F-11D3-BF4B-00C04F79EFBC}") = "Library_new", "Library_new.csproj", "{163B340C-CC11-40C2-87B8-492EB843A600}"
EndProject
Global
	GlobalSection(SolutionConfigurationPlatforms) = preSolution
		Debug|Any CPU = Debug|Any CPU
		Release|Any CPU = Release|Any CPU
	EndGlobalSection
	GlobalSection(ProjectConfigurationPlatforms) = postSolution
		{163B340C-CC11-40C2-87B8-492EB843A600}.Debug|Any CPU.ActiveCfg = Debug|Any CPU
		{163B340C-CC11-40C2-87B8-492EB843A600}.Debug|Any CPU.Build.0 = Debug|Any CPU
		{163B340C-CC11-40C2-87B8-492EB843A600}.Release|Any CPU.ActiveCfg = Release|Any CPU
		{163B340C-CC11-40C2-87B8-492EB843A600}.Release|Any CPU.Build.0 = Release|Any CPU
	EndGlobalSection
	GlobalSection(SolutionProperties) = preSolution
		HideSolutionNode = FALSE
	EndGlobalSection
	GlobalSection(ExtensibilityGlobals) = postSolution
		SolutionGuid = {14EE47D5-5AAE-4D33-831C-ACB92E781C72}
	EndGlobalSection
EndGlobal
